
Microsoft Visual Studio Solution File, Format Version 12.00
# Visual Studio Version 17
VisualStudioVersion = 17.13.35825.156 d17.13
MinimumVisualStudioVersion = 10.0.40219.1
Project("{FAE04EC0-301F-11D3-BF4B-00C04F79EFBC}") = "GROUPING", "GROUPING\GROUPING.csproj", "{01D39DC7-5382-4009-82D2-C4D4D3742379}"
EndProject
Global
	GlobalSection(SolutionConfigurationPlatforms) = preSolution
		Debug|Any CPU = Debug|Any CPU
		Release|Any CPU = Release|Any CPU
	EndGlobalSection
	GlobalSection(ProjectConfigurationPlatforms) = postSolution
		{01D39DC7-5382-4009-82D2-C4D4D3742379}.Debug|Any CPU.ActiveCfg = Debug|Any CPU
		{01D39DC7-5382-4009-82D2-C4D4D3742379}.Debug|Any CPU.Build.0 = Debug|Any CPU
		{01D39DC7-5382-4009-82D2-C4D4D3742379}.Release|Any CPU.ActiveCfg = Release|Any CPU
		{01D39DC7-5382-4009-82D2-C4D4D3742379}.Release|Any CPU.Build.0 = Release|Any CPU
	EndGlobalSection
	GlobalSection(SolutionProperties) = preSolution
		HideSolutionNode = FALSE
	EndGlobalSection
	GlobalSection(ExtensibilityGlobals) = postSolution
		SolutionGuid = {AA11D2D2-D2C0-4D70-8A41-FDF56A0530BD}
	EndGlobalSection
EndGlobal
